
Microsoft Visual Studio Solution File, Format Version 12.00
# Visual Studio Version 17
VisualStudioVersion = 17.9.34616.47
MinimumVisualStudioVersion = 10.0.40219.1
Project("{FAE04EC0-301F-11D3-BF4B-00C04F79EFBC}") = "Console1", "Console1\Console1.csproj", "{16FD7FE2-FD5B-46B8-AC67-56354AB6C577}"
EndProject
Global
	GlobalSection(SolutionConfigurationPlatforms) = preSolution
		Debug|Any CPU = Debug|Any CPU
		Release|Any CPU = Release|Any CPU
	EndGlobalSection
	GlobalSection(ProjectConfigurationPlatforms) = postSolution
		{16FD7FE2-FD5B-46B8-AC67-56354AB6C577}.Debug|Any CPU.ActiveCfg = Debug|Any CPU
		{16FD7FE2-FD5B-46B8-AC67-56354AB6C577}.Debug|Any CPU.Build.0 = Debug|Any CPU
		{16FD7FE2-FD5B-46B8-AC67-56354AB6C577}.Release|Any CPU.ActiveCfg = Release|Any CPU
		{16FD7FE2-FD5B-46B8-AC67-56354AB6C577}.Release|Any CPU.Build.0 = Release|Any CPU
	EndGlobalSection
	GlobalSection(SolutionProperties) = preSolution
		HideSolutionNode = FALSE
	EndGlobalSection
	GlobalSection(ExtensibilityGlobals) = postSolution
		SolutionGuid = {9FBD4CCB-3D18-4867-9AB9-9E8E7E635CAD}
	EndGlobalSection
EndGlobal
