
Microsoft Visual Studio Solution File, Format Version 12.00
# Visual Studio Version 17
VisualStudioVersion = 17.9.34616.47
MinimumVisualStudioVersion = 10.0.40219.1
Project("{FAE04EC0-301F-11D3-BF4B-00C04F79EFBC}") = "Console2", "Console2\Console2.csproj", "{D3668212-EC2A-445F-8FD0-8A266A50C3B6}"
EndProject
Global
	GlobalSection(SolutionConfigurationPlatforms) = preSolution
		Debug|Any CPU = Debug|Any CPU
		Release|Any CPU = Release|Any CPU
	EndGlobalSection
	GlobalSection(ProjectConfigurationPlatforms) = postSolution
		{D3668212-EC2A-445F-8FD0-8A266A50C3B6}.Debug|Any CPU.ActiveCfg = Debug|Any CPU
		{D3668212-EC2A-445F-8FD0-8A266A50C3B6}.Debug|Any CPU.Build.0 = Debug|Any CPU
		{D3668212-EC2A-445F-8FD0-8A266A50C3B6}.Release|Any CPU.ActiveCfg = Release|Any CPU
		{D3668212-EC2A-445F-8FD0-8A266A50C3B6}.Release|Any CPU.Build.0 = Release|Any CPU
	EndGlobalSection
	GlobalSection(SolutionProperties) = preSolution
		HideSolutionNode = FALSE
	EndGlobalSection
	GlobalSection(ExtensibilityGlobals) = postSolution
		SolutionGuid = {0DB1EDFD-1551-4133-B2BB-547ECCA8D501}
	EndGlobalSection
EndGlobal
