
Microsoft Visual Studio Solution File, Format Version 12.00
# Visual Studio Version 17
VisualStudioVersion = 17.9.34616.47
MinimumVisualStudioVersion = 10.0.40219.1
Project("{FAE04EC0-301F-11D3-BF4B-00C04F79EFBC}") = "Console1", "Console1\Console1.csproj", "{1D1CF172-84F0-40DB-83B3-52D805DE8149}"
EndProject
Global
	GlobalSection(SolutionConfigurationPlatforms) = preSolution
		Debug|Any CPU = Debug|Any CPU
		Release|Any CPU = Release|Any CPU
	EndGlobalSection
	GlobalSection(ProjectConfigurationPlatforms) = postSolution
		{1D1CF172-84F0-40DB-83B3-52D805DE8149}.Debug|Any CPU.ActiveCfg = Debug|Any CPU
		{1D1CF172-84F0-40DB-83B3-52D805DE8149}.Debug|Any CPU.Build.0 = Debug|Any CPU
		{1D1CF172-84F0-40DB-83B3-52D805DE8149}.Release|Any CPU.ActiveCfg = Release|Any CPU
		{1D1CF172-84F0-40DB-83B3-52D805DE8149}.Release|Any CPU.Build.0 = Release|Any CPU
	EndGlobalSection
	GlobalSection(SolutionProperties) = preSolution
		HideSolutionNode = FALSE
	EndGlobalSection
	GlobalSection(ExtensibilityGlobals) = postSolution
		SolutionGuid = {29384342-4F0E-4239-A256-C56C4F6C033B}
	EndGlobalSection
EndGlobal
