
Microsoft Visual Studio Solution File, Format Version 12.00
# Visual Studio Version 17
VisualStudioVersion = 17.9.34616.47
MinimumVisualStudioVersion = 10.0.40219.1
Project("{FAE04EC0-301F-11D3-BF4B-00C04F79EFBC}") = "Console5", "Console5\Console5.csproj", "{D0DD2CAB-60A8-42B7-AD27-4B1E925A2872}"
EndProject
Global
	GlobalSection(SolutionConfigurationPlatforms) = preSolution
		Debug|Any CPU = Debug|Any CPU
		Release|Any CPU = Release|Any CPU
	EndGlobalSection
	GlobalSection(ProjectConfigurationPlatforms) = postSolution
		{D0DD2CAB-60A8-42B7-AD27-4B1E925A2872}.Debug|Any CPU.ActiveCfg = Debug|Any CPU
		{D0DD2CAB-60A8-42B7-AD27-4B1E925A2872}.Debug|Any CPU.Build.0 = Debug|Any CPU
		{D0DD2CAB-60A8-42B7-AD27-4B1E925A2872}.Release|Any CPU.ActiveCfg = Release|Any CPU
		{D0DD2CAB-60A8-42B7-AD27-4B1E925A2872}.Release|Any CPU.Build.0 = Release|Any CPU
	EndGlobalSection
	GlobalSection(SolutionProperties) = preSolution
		HideSolutionNode = FALSE
	EndGlobalSection
	GlobalSection(ExtensibilityGlobals) = postSolution
		SolutionGuid = {9465B634-1E89-4FCC-8183-61D84D500CB6}
	EndGlobalSection
EndGlobal
