
Microsoft Visual Studio Solution File, Format Version 12.00
# Visual Studio Version 17
VisualStudioVersion = 17.9.34616.47
MinimumVisualStudioVersion = 10.0.40219.1
Project("{9A19103F-16F7-4668-BE54-9A1E7A4F7556}") = "Console", "Console\Console.csproj", "{EDB9966D-49B2-4BFA-9AFC-13528CB57F6E}"
EndProject
Global
	GlobalSection(SolutionConfigurationPlatforms) = preSolution
		Debug|Any CPU = Debug|Any CPU
		Release|Any CPU = Release|Any CPU
	EndGlobalSection
	GlobalSection(ProjectConfigurationPlatforms) = postSolution
		{EDB9966D-49B2-4BFA-9AFC-13528CB57F6E}.Debug|Any CPU.ActiveCfg = Debug|Any CPU
		{EDB9966D-49B2-4BFA-9AFC-13528CB57F6E}.Debug|Any CPU.Build.0 = Debug|Any CPU
		{EDB9966D-49B2-4BFA-9AFC-13528CB57F6E}.Release|Any CPU.ActiveCfg = Release|Any CPU
		{EDB9966D-49B2-4BFA-9AFC-13528CB57F6E}.Release|Any CPU.Build.0 = Release|Any CPU
	EndGlobalSection
	GlobalSection(SolutionProperties) = preSolution
		HideSolutionNode = FALSE
	EndGlobalSection
	GlobalSection(ExtensibilityGlobals) = postSolution
		SolutionGuid = {29952B16-FA13-44E9-BED8-0CE8BCBF6AE5}
	EndGlobalSection
EndGlobal
