
Microsoft Visual Studio Solution File, Format Version 12.00
# Visual Studio Version 17
VisualStudioVersion = 17.9.34616.47
MinimumVisualStudioVersion = 10.0.40219.1
Project("{FAE04EC0-301F-11D3-BF4B-00C04F79EFBC}") = "Console2", "Console2\Console2.csproj", "{82E47F32-45B5-44F6-BD13-4145A1122063}"
EndProject
Global
	GlobalSection(SolutionConfigurationPlatforms) = preSolution
		Debug|Any CPU = Debug|Any CPU
		Release|Any CPU = Release|Any CPU
	EndGlobalSection
	GlobalSection(ProjectConfigurationPlatforms) = postSolution
		{82E47F32-45B5-44F6-BD13-4145A1122063}.Debug|Any CPU.ActiveCfg = Debug|Any CPU
		{82E47F32-45B5-44F6-BD13-4145A1122063}.Debug|Any CPU.Build.0 = Debug|Any CPU
		{82E47F32-45B5-44F6-BD13-4145A1122063}.Release|Any CPU.ActiveCfg = Release|Any CPU
		{82E47F32-45B5-44F6-BD13-4145A1122063}.Release|Any CPU.Build.0 = Release|Any CPU
	EndGlobalSection
	GlobalSection(SolutionProperties) = preSolution
		HideSolutionNode = FALSE
	EndGlobalSection
	GlobalSection(ExtensibilityGlobals) = postSolution
		SolutionGuid = {08687858-A723-4EF5-9C0B-32DCC995692A}
	EndGlobalSection
EndGlobal
