
Microsoft Visual Studio Solution File, Format Version 12.00
# Visual Studio Version 17
VisualStudioVersion = 17.9.34616.47
MinimumVisualStudioVersion = 10.0.40219.1
Project("{FAE04EC0-301F-11D3-BF4B-00C04F79EFBC}") = "Console4", "Console4\Console4.csproj", "{1725181D-5826-4D3C-A88A-E3D920DE7D34}"
EndProject
Global
	GlobalSection(SolutionConfigurationPlatforms) = preSolution
		Debug|Any CPU = Debug|Any CPU
		Release|Any CPU = Release|Any CPU
	EndGlobalSection
	GlobalSection(ProjectConfigurationPlatforms) = postSolution
		{1725181D-5826-4D3C-A88A-E3D920DE7D34}.Debug|Any CPU.ActiveCfg = Debug|Any CPU
		{1725181D-5826-4D3C-A88A-E3D920DE7D34}.Debug|Any CPU.Build.0 = Debug|Any CPU
		{1725181D-5826-4D3C-A88A-E3D920DE7D34}.Release|Any CPU.ActiveCfg = Release|Any CPU
		{1725181D-5826-4D3C-A88A-E3D920DE7D34}.Release|Any CPU.Build.0 = Release|Any CPU
	EndGlobalSection
	GlobalSection(SolutionProperties) = preSolution
		HideSolutionNode = FALSE
	EndGlobalSection
	GlobalSection(ExtensibilityGlobals) = postSolution
		SolutionGuid = {D5F376AC-5CEA-4863-8C39-1A1B7EAD7E05}
	EndGlobalSection
EndGlobal
