
Microsoft Visual Studio Solution File, Format Version 12.00
# Visual Studio Version 17
VisualStudioVersion = 17.9.34616.47
MinimumVisualStudioVersion = 10.0.40219.1
Project("{FAE04EC0-301F-11D3-BF4B-00C04F79EFBC}") = "Console2", "Console2\Console2.csproj", "{BD58A734-4B51-44F8-906A-652A629D460B}"
EndProject
Global
	GlobalSection(SolutionConfigurationPlatforms) = preSolution
		Debug|Any CPU = Debug|Any CPU
		Release|Any CPU = Release|Any CPU
	EndGlobalSection
	GlobalSection(ProjectConfigurationPlatforms) = postSolution
		{BD58A734-4B51-44F8-906A-652A629D460B}.Debug|Any CPU.ActiveCfg = Debug|Any CPU
		{BD58A734-4B51-44F8-906A-652A629D460B}.Debug|Any CPU.Build.0 = Debug|Any CPU
		{BD58A734-4B51-44F8-906A-652A629D460B}.Release|Any CPU.ActiveCfg = Release|Any CPU
		{BD58A734-4B51-44F8-906A-652A629D460B}.Release|Any CPU.Build.0 = Release|Any CPU
	EndGlobalSection
	GlobalSection(SolutionProperties) = preSolution
		HideSolutionNode = FALSE
	EndGlobalSection
	GlobalSection(ExtensibilityGlobals) = postSolution
		SolutionGuid = {B3486C63-6D70-4F8E-AF8B-CFDECA346E61}
	EndGlobalSection
EndGlobal
